// !$*UTF8*$!
{
	archiveVersion = 1;
	classes = {
	};
	objectVersion = 60;
	objects = {

/* Begin PBXBuildFile section */
		14137D8A2D42EF89001AA5C6 /* AuthSDK in Frameworks */ = {isa = PBXBuildFile; productRef = 14137D892D42EF89001AA5C6 /* AuthSDK */; };
		14CAF42C2D44575400730918 /* AuthSDK in Frameworks */ = {isa = PBXBuildFile; productRef = 14CAF42B2D44575400730918 /* AuthSDK */; };
		14CAF4322D47DA1200730918 /* AuthSDK in Frameworks */ = {isa = PBXBuildFile; productRef = 14CAF4312D47DA1200730918 /* AuthSDK */; };
		14CAF4352D48110600730918 /* AuthSDK in Frameworks */ = {isa = PBXBuildFile; productRef = 14CAF4342D48110600730918 /* AuthSDK */; };
		14F173D82D3EE4D00039A360 /* AppDelegate.swift in Sources */ = {isa = PBXBuildFile; fileRef = 14F173D72D3EE4D00039A360 /* AppDelegate.swift */; };
		14F173DA2D3EE4D00039A360 /* SceneDelegate.swift in Sources */ = {isa = PBXBuildFile; fileRef = 14F173D92D3EE4D00039A360 /* SceneDelegate.swift */; };
		14F173DC2D3EE4D00039A360 /* HistorySDKDemoVC.swift in Sources */ = {isa = PBXBuildFile; fileRef = 14F173DB2D3EE4D00039A360 /* HistorySDKDemoVC.swift */; };
		14F173DF2D3EE4D00039A360 /* Base in Resources */ = {isa = PBXBuildFile; fileRef = 14F173DE2D3EE4D00039A360 /* Base */; };
		14F173E12D3EE4D20039A360 /* Assets.xcassets in Resources */ = {isa = PBXBuildFile; fileRef = 14F173E02D3EE4D20039A360 /* Assets.xcassets */; };
		14F173E42D3EE4D20039A360 /* Base in Resources */ = {isa = PBXBuildFile; fileRef = 14F173E32D3EE4D20039A360 /* Base */; };
		14F173ED2D3EE9D90039A360 /* CoreSDK in Frameworks */ = {isa = PBXBuildFile; productRef = 14F173EC2D3EE9D90039A360 /* CoreSDK */; };
		14F173F02D3EE9EA0039A360 /* AuthSDK in Frameworks */ = {isa = PBXBuildFile; productRef = 14F173EF2D3EE9EA0039A360 /* AuthSDK */; };
		5B8579922D72762200794937 /* HistorySDK in Frameworks */ = {isa = PBXBuildFile; productRef = 5B8579912D72762200794937 /* HistorySDK */; };
		5B8579952D72A27E00794937 /* CardsSDK in Frameworks */ = {isa = PBXBuildFile; productRef = 5B8579942D72A27E00794937 /* CardsSDK */; };
/* End PBXBuildFile section */

/* Begin PBXFileReference section */
		14F173D42D3EE4D00039A360 /* HistorySDKDemo.app */ = {isa = PBXFileReference; explicitFileType = wrapper.application; includeInIndex = 0; path = HistorySDKDemo.app; sourceTree = BUILT_PRODUCTS_DIR; };
		14F173D72D3EE4D00039A360 /* AppDelegate.swift */ = {isa = PBXFileReference; lastKnownFileType = sourcecode.swift; path = AppDelegate.swift; sourceTree = "<group>"; };
		14F173D92D3EE4D00039A360 /* SceneDelegate.swift */ = {isa = PBXFileReference; lastKnownFileType = sourcecode.swift; path = SceneDelegate.swift; sourceTree = "<group>"; };
		14F173DB2D3EE4D00039A360 /* HistorySDKDemoVC.swift */ = {isa = PBXFileReference; lastKnownFileType = sourcecode.swift; path = HistorySDKDemoVC.swift; sourceTree = "<group>"; };
		14F173DE2D3EE4D00039A360 /* Base */ = {isa = PBXFileReference; lastKnownFileType = file.storyboard; name = Base; path = Base.lproj/Main.storyboard; sourceTree = "<group>"; };
		14F173E02D3EE4D20039A360 /* Assets.xcassets */ = {isa = PBXFileReference; lastKnownFileType = folder.assetcatalog; path = Assets.xcassets; sourceTree = "<group>"; };
		14F173E32D3EE4D20039A360 /* Base */ = {isa = PBXFileReference; lastKnownFileType = file.storyboard; name = Base; path = Base.lproj/LaunchScreen.storyboard; sourceTree = "<group>"; };
		14F173E52D3EE4D20039A360 /* Info.plist */ = {isa = PBXFileReference; lastKnownFileType = text.plist.xml; path = Info.plist; sourceTree = "<group>"; };
		5B8579882D6FD6FA00794937 /* HistorySDK.xcframework */ = {isa = PBXFileReference; expectedSignature = "AppleDeveloperProgram:72WNU7V4AY:PayWith Worldwide Inc"; lastKnownFileType = wrapper.xcframework; name = HistorySDK.xcframework; path = "../../History-SDK-Publish/Sources/HistorySDK.xcframework"; sourceTree = "<group>"; };
/* End PBXFileReference section */

/* Begin PBXFrameworksBuildPhase section */
		14F173D12D3EE4D00039A360 /* Frameworks */ = {
			isa = PBXFrameworksBuildPhase;
			buildActionMask = 2147483647;
			files = (
				14CAF4322D47DA1200730918 /* AuthSDK in Frameworks */,
				14137D8A2D42EF89001AA5C6 /* AuthSDK in Frameworks */,
				5B8579922D72762200794937 /* HistorySDK in Frameworks */,
				14F173ED2D3EE9D90039A360 /* CoreSDK in Frameworks */,
				14CAF4352D48110600730918 /* AuthSDK in Frameworks */,
				14F173F02D3EE9EA0039A360 /* AuthSDK in Frameworks */,
				14CAF42C2D44575400730918 /* AuthSDK in Frameworks */,
				5B8579952D72A27E00794937 /* CardsSDK in Frameworks */,
			);
			runOnlyForDeploymentPostprocessing = 0;
		};
/* End PBXFrameworksBuildPhase section */

/* Begin PBXGroup section */
		14F173CB2D3EE4D00039A360 = {
			isa = PBXGroup;
			children = (
				14F173D62D3EE4D00039A360 /* HistorySDKDemo */,
				5B816AE22D6FD3A500B36BC7 /* Frameworks */,
				14F173D52D3EE4D00039A360 /* Products */,
			);
			sourceTree = "<group>";
		};
		14F173D52D3EE4D00039A360 /* Products */ = {
			isa = PBXGroup;
			children = (
				14F173D42D3EE4D00039A360 /* HistorySDKDemo.app */,
			);
			name = Products;
			sourceTree = "<group>";
		};
		14F173D62D3EE4D00039A360 /* HistorySDKDemo */ = {
			isa = PBXGroup;
			children = (
				14F173D72D3EE4D00039A360 /* AppDelegate.swift */,
				14F173D92D3EE4D00039A360 /* SceneDelegate.swift */,
				14F173DB2D3EE4D00039A360 /* HistorySDKDemoVC.swift */,
				14F173DD2D3EE4D00039A360 /* Main.storyboard */,
				14F173E02D3EE4D20039A360 /* Assets.xcassets */,
				14F173E22D3EE4D20039A360 /* LaunchScreen.storyboard */,
				14F173E52D3EE4D20039A360 /* Info.plist */,
			);
			path = HistorySDKDemo;
			sourceTree = "<group>";
		};
		5B816AE22D6FD3A500B36BC7 /* Frameworks */ = {
			isa = PBXGroup;
			children = (
				5B8579882D6FD6FA00794937 /* HistorySDK.xcframework */,
			);
			name = Frameworks;
			sourceTree = "<group>";
		};
/* End PBXGroup section */

/* Begin PBXNativeTarget section */
		14F173D32D3EE4D00039A360 /* HistorySDKDemo */ = {
			isa = PBXNativeTarget;
			buildConfigurationList = 14F173E82D3EE4D20039A360 /* Build configuration list for PBXNativeTarget "HistorySDKDemo" */;
			buildPhases = (
				14F173D02D3EE4D00039A360 /* Sources */,
				14F173D12D3EE4D00039A360 /* Frameworks */,
				14F173D22D3EE4D00039A360 /* Resources */,
			);
			buildRules = (
			);
			dependencies = (
			);
			name = HistorySDKDemo;
			packageProductDependencies = (
				14F173EC2D3EE9D90039A360 /* CoreSDK */,
				14F173EF2D3EE9EA0039A360 /* AuthSDK */,
				14137D892D42EF89001AA5C6 /* AuthSDK */,
				14CAF42B2D44575400730918 /* AuthSDK */,
				14CAF4312D47DA1200730918 /* AuthSDK */,
				14CAF4342D48110600730918 /* AuthSDK */,
				5B8579912D72762200794937 /* HistorySDK */,
				5B8579942D72A27E00794937 /* CardsSDK */,
			);
			productName = AuthSDKDemo;
			productReference = 14F173D42D3EE4D00039A360 /* HistorySDKDemo.app */;
			productType = "com.apple.product-type.application";
		};
/* End PBXNativeTarget section */

/* Begin PBXProject section */
		14F173CC2D3EE4D00039A360 /* Project object */ = {
			isa = PBXProject;
			attributes = {
				BuildIndependentTargetsInParallel = 1;
				LastSwiftUpdateCheck = 1530;
				LastUpgradeCheck = 1530;
				TargetAttributes = {
					14F173D32D3EE4D00039A360 = {
						CreatedOnToolsVersion = 15.3;
					};
				};
			};
			buildConfigurationList = 14F173CF2D3EE4D00039A360 /* Build configuration list for PBXProject "HistorySDKDemo" */;
			compatibilityVersion = "Xcode 14.0";
			developmentRegion = en;
			hasScannedForEncodings = 0;
			knownRegions = (
				en,
				Base,
			);
			mainGroup = 14F173CB2D3EE4D00039A360;
			packageReferences = (
				14F173EB2D3EE9D90039A360 /* XCRemoteSwiftPackageReference "sdk-model-ios-framework" */,
				14CAF4332D48110600730918 /* XCRemoteSwiftPackageReference "sdk-auth-ios-framework" */,
				5B8579902D72762200794937 /* XCRemoteSwiftPackageReference "sdk-history-ios-framework" */,
				5B8579932D72A27E00794937 /* XCRemoteSwiftPackageReference "sdk-cards-ios-framework" */,
			);
			productRefGroup = 14F173D52D3EE4D00039A360 /* Products */;
			projectDirPath = "";
			projectRoot = "";
			targets = (
				14F173D32D3EE4D00039A360 /* HistorySDKDemo */,
			);
		};
/* End PBXProject section */

/* Begin PBXResourcesBuildPhase section */
		14F173D22D3EE4D00039A360 /* Resources */ = {
			isa = PBXResourcesBuildPhase;
			buildActionMask = 2147483647;
			files = (
				14F173E12D3EE4D20039A360 /* Assets.xcassets in Resources */,
				14F173E42D3EE4D20039A360 /* Base in Resources */,
				14F173DF2D3EE4D00039A360 /* Base in Resources */,
			);
			runOnlyForDeploymentPostprocessing = 0;
		};
/* End PBXResourcesBuildPhase section */

/* Begin PBXSourcesBuildPhase section */
		14F173D02D3EE4D00039A360 /* Sources */ = {
			isa = PBXSourcesBuildPhase;
			buildActionMask = 2147483647;
			files = (
				14F173DC2D3EE4D00039A360 /* HistorySDKDemoVC.swift in Sources */,
				14F173D82D3EE4D00039A360 /* AppDelegate.swift in Sources */,
				14F173DA2D3EE4D00039A360 /* SceneDelegate.swift in Sources */,
			);
			runOnlyForDeploymentPostprocessing = 0;
		};
/* End PBXSourcesBuildPhase section */

/* Begin PBXVariantGroup section */
		14F173DD2D3EE4D00039A360 /* Main.storyboard */ = {
			isa = PBXVariantGroup;
			children = (
				14F173DE2D3EE4D00039A360 /* Base */,
			);
			name = Main.storyboard;
			sourceTree = "<group>";
		};
		14F173E22D3EE4D20039A360 /* LaunchScreen.storyboard */ = {
			isa = PBXVariantGroup;
			children = (
				14F173E32D3EE4D20039A360 /* Base */,
			);
			name = LaunchScreen.storyboard;
			sourceTree = "<group>";
		};
/* End PBXVariantGroup section */

/* Begin XCBuildConfiguration section */
		14F173E62D3EE4D20039A360 /* Debug */ = {
			isa = XCBuildConfiguration;
			buildSettings = {
				ALWAYS_SEARCH_USER_PATHS = NO;
				ASSETCATALOG_COMPILER_GENERATE_SWIFT_ASSET_SYMBOL_EXTENSIONS = YES;
				CLANG_ANALYZER_NONNULL = YES;
				CLANG_ANALYZER_NUMBER_OBJECT_CONVERSION = YES_AGGRESSIVE;
				CLANG_CXX_LANGUAGE_STANDARD = "gnu++20";
				CLANG_ENABLE_MODULES = YES;
				CLANG_ENABLE_OBJC_ARC = YES;
				CLANG_ENABLE_OBJC_WEAK = YES;
				CLANG_WARN_BLOCK_CAPTURE_AUTORELEASING = YES;
				CLANG_WARN_BOOL_CONVERSION = YES;
				CLANG_WARN_COMMA = YES;
				CLANG_WARN_CONSTANT_CONVERSION = YES;
				CLANG_WARN_DEPRECATED_OBJC_IMPLEMENTATIONS = YES;
				CLANG_WARN_DIRECT_OBJC_ISA_USAGE = YES_ERROR;
				CLANG_WARN_DOCUMENTATION_COMMENTS = YES;
				CLANG_WARN_EMPTY_BODY = YES;
				CLANG_WARN_ENUM_CONVERSION = YES;
				CLANG_WARN_INFINITE_RECURSION = YES;
				CLANG_WARN_INT_CONVERSION = YES;
				CLANG_WARN_NON_LITERAL_NULL_CONVERSION = YES;
				CLANG_WARN_OBJC_IMPLICIT_RETAIN_SELF = YES;
				CLANG_WARN_OBJC_LITERAL_CONVERSION = YES;
				CLANG_WARN_OBJC_ROOT_CLASS = YES_ERROR;
				CLANG_WARN_QUOTED_INCLUDE_IN_FRAMEWORK_HEADER = YES;
				CLANG_WARN_RANGE_LOOP_ANALYSIS = YES;
				CLANG_WARN_STRICT_PROTOTYPES = YES;
				CLANG_WARN_SUSPICIOUS_MOVE = YES;
				CLANG_WARN_UNGUARDED_AVAILABILITY = YES_AGGRESSIVE;
				CLANG_WARN_UNREACHABLE_CODE = YES;
				CLANG_WARN__DUPLICATE_METHOD_MATCH = YES;
				COPY_PHASE_STRIP = NO;
				DEBUG_INFORMATION_FORMAT = dwarf;
				ENABLE_STRICT_OBJC_MSGSEND = YES;
				ENABLE_TESTABILITY = YES;
				ENABLE_USER_SCRIPT_SANDBOXING = YES;
				GCC_C_LANGUAGE_STANDARD = gnu17;
				GCC_DYNAMIC_NO_PIC = NO;
				GCC_NO_COMMON_BLOCKS = YES;
				GCC_OPTIMIZATION_LEVEL = 0;
				GCC_PREPROCESSOR_DEFINITIONS = (
					"DEBUG=1",
					"$(inherited)",
				);
				GCC_WARN_64_TO_32_BIT_CONVERSION = YES;
				GCC_WARN_ABOUT_RETURN_TYPE = YES_ERROR;
				GCC_WARN_UNDECLARED_SELECTOR = YES;
				GCC_WARN_UNINITIALIZED_AUTOS = YES_AGGRESSIVE;
				GCC_WARN_UNUSED_FUNCTION = YES;
				GCC_WARN_UNUSED_VARIABLE = YES;
				IPHONEOS_DEPLOYMENT_TARGET = 17.4;
				LOCALIZATION_PREFERS_STRING_CATALOGS = YES;
				MTL_ENABLE_DEBUG_INFO = INCLUDE_SOURCE;
				MTL_FAST_MATH = YES;
				ONLY_ACTIVE_ARCH = YES;
				SDKROOT = iphoneos;
				SWIFT_ACTIVE_COMPILATION_CONDITIONS = "DEBUG $(inherited)";
				SWIFT_OPTIMIZATION_LEVEL = "-Onone";
			};
			name = Debug;
		};
		14F173E72D3EE4D20039A360 /* Release */ = {
			isa = XCBuildConfiguration;
			buildSettings = {
				ALWAYS_SEARCH_USER_PATHS = NO;
				ASSETCATALOG_COMPILER_GENERATE_SWIFT_ASSET_SYMBOL_EXTENSIONS = YES;
				CLANG_ANALYZER_NONNULL = YES;
				CLANG_ANALYZER_NUMBER_OBJECT_CONVERSION = YES_AGGRESSIVE;
				CLANG_CXX_LANGUAGE_STANDARD = "gnu++20";
				CLANG_ENABLE_MODULES = YES;
				CLANG_ENABLE_OBJC_ARC = YES;
				CLANG_ENABLE_OBJC_WEAK = YES;
				CLANG_WARN_BLOCK_CAPTURE_AUTORELEASING = YES;
				CLANG_WARN_BOOL_CONVERSION = YES;
				CLANG_WARN_COMMA = YES;
				CLANG_WARN_CONSTANT_CONVERSION = YES;
				CLANG_WARN_DEPRECATED_OBJC_IMPLEMENTATIONS = YES;
				CLANG_WARN_DIRECT_OBJC_ISA_USAGE = YES_ERROR;
				CLANG_WARN_DOCUMENTATION_COMMENTS = YES;
				CLANG_WARN_EMPTY_BODY = YES;
				CLANG_WARN_ENUM_CONVERSION = YES;
				CLANG_WARN_INFINITE_RECURSION = YES;
				CLANG_WARN_INT_CONVERSION = YES;
				CLANG_WARN_NON_LITERAL_NULL_CONVERSION = YES;
				CLANG_WARN_OBJC_IMPLICIT_RETAIN_SELF = YES;
				CLANG_WARN_OBJC_LITERAL_CONVERSION = YES;
				CLANG_WARN_OBJC_ROOT_CLASS = YES_ERROR;
				CLANG_WARN_QUOTED_INCLUDE_IN_FRAMEWORK_HEADER = YES;
				CLANG_WARN_RANGE_LOOP_ANALYSIS = YES;
				CLANG_WARN_STRICT_PROTOTYPES = YES;
				CLANG_WARN_SUSPICIOUS_MOVE = YES;
				CLANG_WARN_UNGUARDED_AVAILABILITY = YES_AGGRESSIVE;
				CLANG_WARN_UNREACHABLE_CODE = YES;
				CLANG_WARN__DUPLICATE_METHOD_MATCH = YES;
				COPY_PHASE_STRIP = NO;
				DEBUG_INFORMATION_FORMAT = "dwarf-with-dsym";
				ENABLE_NS_ASSERTIONS = NO;
				ENABLE_STRICT_OBJC_MSGSEND = YES;
				ENABLE_USER_SCRIPT_SANDBOXING = YES;
				GCC_C_LANGUAGE_STANDARD = gnu17;
				GCC_NO_COMMON_BLOCKS = YES;
				GCC_WARN_64_TO_32_BIT_CONVERSION = YES;
				GCC_WARN_ABOUT_RETURN_TYPE = YES_ERROR;
				GCC_WARN_UNDECLARED_SELECTOR = YES;
				GCC_WARN_UNINITIALIZED_AUTOS = YES_AGGRESSIVE;
				GCC_WARN_UNUSED_FUNCTION = YES;
				GCC_WARN_UNUSED_VARIABLE = YES;
				IPHONEOS_DEPLOYMENT_TARGET = 17.4;
				LOCALIZATION_PREFERS_STRING_CATALOGS = YES;
				MTL_ENABLE_DEBUG_INFO = NO;
				MTL_FAST_MATH = YES;
				SDKROOT = iphoneos;
				SWIFT_COMPILATION_MODE = wholemodule;
				VALIDATE_PRODUCT = YES;
			};
			name = Release;
		};
		14F173E92D3EE4D20039A360 /* Debug */ = {
			isa = XCBuildConfiguration;
			buildSettings = {
				ASSETCATALOG_COMPILER_APPICON_NAME = AppIcon;
				ASSETCATALOG_COMPILER_GLOBAL_ACCENT_COLOR_NAME = AccentColor;
				CODE_SIGN_STYLE = Automatic;
				CURRENT_PROJECT_VERSION = 1;
				DEVELOPMENT_TEAM = 72WNU7V4AY;
				GENERATE_INFOPLIST_FILE = YES;
				INFOPLIST_FILE = HistorySDKDemo/Info.plist;
				INFOPLIST_KEY_UIApplicationSupportsIndirectInputEvents = YES;
				INFOPLIST_KEY_UILaunchStoryboardName = LaunchScreen;
				INFOPLIST_KEY_UIMainStoryboardFile = Main;
				INFOPLIST_KEY_UISupportedInterfaceOrientations_iPad = "UIInterfaceOrientationPortrait UIInterfaceOrientationPortraitUpsideDown UIInterfaceOrientationLandscapeLeft UIInterfaceOrientationLandscapeRight";
				INFOPLIST_KEY_UISupportedInterfaceOrientations_iPhone = "UIInterfaceOrientationPortrait UIInterfaceOrientationLandscapeLeft UIInterfaceOrientationLandscapeRight";
				INFOPLIST_KEY_UIUserInterfaceStyle = Light;
				LD_RUNPATH_SEARCH_PATHS = (
					"$(inherited)",
					"@executable_path/Frameworks",
				);
				MARKETING_VERSION = 1.0;
				PRODUCT_BUNDLE_IDENTIFIER = com.mcards.sdk.history.demo;
				PRODUCT_NAME = "$(TARGET_NAME)";
				SWIFT_EMIT_LOC_STRINGS = YES;
				SWIFT_VERSION = 5.0;
				TARGETED_DEVICE_FAMILY = "1,2";
			};
			name = Debug;
		};
		14F173EA2D3EE4D20039A360 /* Release */ = {
			isa = XCBuildConfiguration;
			buildSettings = {
				ASSETCATALOG_COMPILER_APPICON_NAME = AppIcon;
				ASSETCATALOG_COMPILER_GLOBAL_ACCENT_COLOR_NAME = AccentColor;
				CODE_SIGN_STYLE = Automatic;
				CURRENT_PROJECT_VERSION = 1;
				DEVELOPMENT_TEAM = 72WNU7V4AY;
				GENERATE_INFOPLIST_FILE = YES;
				INFOPLIST_FILE = HistorySDKDemo/Info.plist;
				INFOPLIST_KEY_UIApplicationSupportsIndirectInputEvents = YES;
				INFOPLIST_KEY_UILaunchStoryboardName = LaunchScreen;
				INFOPLIST_KEY_UIMainStoryboardFile = Main;
				INFOPLIST_KEY_UISupportedInterfaceOrientations_iPad = "UIInterfaceOrientationPortrait UIInterfaceOrientationPortraitUpsideDown UIInterfaceOrientationLandscapeLeft UIInterfaceOrientationLandscapeRight";
				INFOPLIST_KEY_UISupportedInterfaceOrientations_iPhone = "UIInterfaceOrientationPortrait UIInterfaceOrientationLandscapeLeft UIInterfaceOrientationLandscapeRight";
				INFOPLIST_KEY_UIUserInterfaceStyle = Light;
				LD_RUNPATH_SEARCH_PATHS = (
					"$(inherited)",
					"@executable_path/Frameworks",
				);
				MARKETING_VERSION = 1.0;
				PRODUCT_BUNDLE_IDENTIFIER = com.mcards.sdk.history.demo;
				PRODUCT_NAME = "$(TARGET_NAME)";
				SWIFT_EMIT_LOC_STRINGS = YES;
				SWIFT_VERSION = 5.0;
				TARGETED_DEVICE_FAMILY = "1,2";
			};
			name = Release;
		};
/* End XCBuildConfiguration section */

/* Begin XCConfigurationList section */
		14F173CF2D3EE4D00039A360 /* Build configuration list for PBXProject "HistorySDKDemo" */ = {
			isa = XCConfigurationList;
			buildConfigurations = (
				14F173E62D3EE4D20039A360 /* Debug */,
				14F173E72D3EE4D20039A360 /* Release */,
			);
			defaultConfigurationIsVisible = 0;
			defaultConfigurationName = Release;
		};
		14F173E82D3EE4D20039A360 /* Build configuration list for PBXNativeTarget "HistorySDKDemo" */ = {
			isa = XCConfigurationList;
			buildConfigurations = (
				14F173E92D3EE4D20039A360 /* Debug */,
				14F173EA2D3EE4D20039A360 /* Release */,
			);
			defaultConfigurationIsVisible = 0;
			defaultConfigurationName = Release;
		};
/* End XCConfigurationList section */

/* Begin XCRemoteSwiftPackageReference section */
		14CAF4332D48110600730918 /* XCRemoteSwiftPackageReference "sdk-auth-ios-framework" */ = {
			isa = XCRemoteSwiftPackageReference;
			repositoryURL = "https://github.com/Wantsa/sdk-auth-ios-framework";
			requirement = {
				kind = upToNextMajorVersion;
				minimumVersion = 0.0.1;
			};
		};
		14F173EB2D3EE9D90039A360 /* XCRemoteSwiftPackageReference "sdk-model-ios-framework" */ = {
			isa = XCRemoteSwiftPackageReference;
			repositoryURL = "https://github.com/Wantsa/sdk-model-ios-framework";
			requirement = {
				kind = upToNextMajorVersion;
				minimumVersion = 0.0.4;
			};
		};
		5B8579902D72762200794937 /* XCRemoteSwiftPackageReference "sdk-history-ios-framework" */ = {
			isa = XCRemoteSwiftPackageReference;
			repositoryURL = "https://github.com/mCards/sdk-history-ios-framework.git";
			requirement = {
				kind = upToNextMajorVersion;
				minimumVersion = 1.0.0;
			};
		};
		5B8579932D72A27E00794937 /* XCRemoteSwiftPackageReference "sdk-cards-ios-framework" */ = {
			isa = XCRemoteSwiftPackageReference;
			repositoryURL = "https://github.com/mCards/sdk-cards-ios-framework.git";
			requirement = {
				kind = upToNextMajorVersion;
				minimumVersion = 0.0.13;
			};
		};
/* End XCRemoteSwiftPackageReference section */

/* Begin XCSwiftPackageProductDependency section */
		14137D892D42EF89001AA5C6 /* AuthSDK */ = {
			isa = XCSwiftPackageProductDependency;
			productName = AuthSDK;
		};
		14CAF42B2D44575400730918 /* AuthSDK */ = {
			isa = XCSwiftPackageProductDependency;
			productName = AuthSDK;
		};
		14CAF4312D47DA1200730918 /* AuthSDK */ = {
			isa = XCSwiftPackageProductDependency;
			productName = AuthSDK;
		};
		14CAF4342D48110600730918 /* AuthSDK */ = {
			isa = XCSwiftPackageProductDependency;
			package = 14CAF4332D48110600730918 /* XCRemoteSwiftPackageReference "sdk-auth-ios-framework" */;
			productName = AuthSDK;
		};
		14F173EC2D3EE9D90039A360 /* CoreSDK */ = {
			isa = XCSwiftPackageProductDependency;
			package = 14F173EB2D3EE9D90039A360 /* XCRemoteSwiftPackageReference "sdk-model-ios-framework" */;
			productName = CoreSDK;
		};
		14F173EF2D3EE9EA0039A360 /* AuthSDK */ = {
			isa = XCSwiftPackageProductDependency;
			productName = AuthSDK;
		};
		5B8579912D72762200794937 /* HistorySDK */ = {
			isa = XCSwiftPackageProductDependency;
			package = 5B8579902D72762200794937 /* XCRemoteSwiftPackageReference "sdk-history-ios-framework" */;
			productName = HistorySDK;
		};
		5B8579942D72A27E00794937 /* CardsSDK */ = {
			isa = XCSwiftPackageProductDependency;
			package = 5B8579932D72A27E00794937 /* XCRemoteSwiftPackageReference "sdk-cards-ios-framework" */;
			productName = CardsSDK;
		};
/* End XCSwiftPackageProductDependency section */
	};
	rootObject = 14F173CC2D3EE4D00039A360 /* Project object */;
}
