{
  "originHash" : "a44c548911f78550616bbc6b6fe36612e3c8504442a5e78ade059ef1bafb9892",
  "pins" : [
    {
      "identity" : "sdk-auth-ios-framework",
      "kind" : "remoteSourceControl",
      "location" : "https://github.com/Wantsa/sdk-auth-ios-framework",
      "state" : {
        "revision" : "e59a75b663f72233a7c2d9094c16c079b14a065d",
        "version" : "1.0.6"
      }
    },
    {
      "identity" : "sdk-cards-ios-framework",
      "kind" : "remoteSourceControl",
      "location" : "https://github.com/mCards/sdk-cards-ios-framework.git",
      "state" : {
        "revision" : "a1e9a9733bc68e2ca432d265474c297eab27fe05",
        "version" : "1.0.0"
      }
    },
    {
      "identity" : "sdk-history-ios-framework",
      "kind" : "remoteSourceControl",
      "location" : "https://github.com/mCards/sdk-history-ios-framework.git",
      "state" : {
        "revision" : "de2fb56396c02160148647f42144b0eb1106d64f",
        "version" : "1.0.4"
      }
    },
    {
      "identity" : "sdk-model-ios-framework",
      "kind" : "remoteSourceControl",
      "location" : "https://github.com/Wantsa/sdk-model-ios-framework",
      "state" : {
        "revision" : "68560b8d709e76fdb83d16350afe360341a2abb7",
        "version" : "1.1.4"
      }
    }
  ],
  "version" : 3
}
